
Microsoft Visual Studio Solution File, Format Version 12.00
# Visual Studio Version 16
VisualStudioVersion = 16.0.32413.511
MinimumVisualStudioVersion = 10.0.40219.1
Project("{FAE04EC0-301F-11D3-BF4B-00C04F79EFBC}") = "webPreglednik", "webPreglednik\webPreglednik.csproj", "{F93E551C-6CCC-40B4-A9C9-9AD81632846D}"
EndProject
Global
	GlobalSection(SolutionConfigurationPlatforms) = preSolution
		Debug|Any CPU = Debug|Any CPU
		Release|Any CPU = Release|Any CPU
	EndGlobalSection
	GlobalSection(ProjectConfigurationPlatforms) = postSolution
		{F93E551C-6CCC-40B4-A9C9-9AD81632846D}.Debug|Any CPU.ActiveCfg = Debug|Any CPU
		{F93E551C-6CCC-40B4-A9C9-9AD81632846D}.Debug|Any CPU.Build.0 = Debug|Any CPU
		{F93E551C-6CCC-40B4-A9C9-9AD81632846D}.Release|Any CPU.ActiveCfg = Release|Any CPU
		{F93E551C-6CCC-40B4-A9C9-9AD81632846D}.Release|Any CPU.Build.0 = Release|Any CPU
	EndGlobalSection
	GlobalSection(SolutionProperties) = preSolution
		HideSolutionNode = FALSE
	EndGlobalSection
	GlobalSection(ExtensibilityGlobals) = postSolution
		SolutionGuid = {5E2AAC0E-0D8C-4AA2-9F47-76BB96C9A40F}
	EndGlobalSection
EndGlobal
